{
  "name": "content-assist",
  "version": "0.0.1",
  "lockfileVersion": 3,
  "requires": true,
  "packages": {
    "": {
      "name": "content-assist",
      "version": "0.0.1",
      "devDependencies": {
        "prettier": "^3.3.3",
        "turbo": "^2.1.0",
        "typescript": "^5.5.4"
      },
      "engines": {
        "node": ">=20.0.0",
        "pnpm": ">=9.0.0"
      }
    },
    "node_modules/@turbo/darwin-arm64": {
      "version": "2.9.6",
      "cpu": [
        "arm64"
      ],
      "dev": true,
      "license": "MIT",
      "optional": true,
      "os": [
        "darwin"
      ]
    },
    "node_modules/prettier": {
      "version": "3.8.3",
      "dev": true,
      "license": "MIT",
      "bin": {
        "prettier": "bin/prettier.cjs"
      },
      "engines": {
        "node": ">=14"
      },
      "funding": {
        "url": "https://github.com/prettier/prettier?sponsor=1"
      }
    },
    "node_modules/turbo": {
      "version": "2.9.6",
      "dev": true,
      "license": "MIT",
      "bin": {
        "turbo": "bin/turbo"
      },
      "optionalDependencies": {
        "@turbo/darwin-64": "2.9.6",
        "@turbo/darwin-arm64": "2.9.6",
        "@turbo/linux-64": "2.9.6",
        "@turbo/linux-arm64": "2.9.6",
        "@turbo/windows-64": "2.9.6",
        "@turbo/windows-arm64": "2.9.6"
      }
    },
    "node_modules/typescript": {
      "version": "5.9.3",
      "dev": true,
      "license": "Apache-2.0",
      "bin": {
        "tsc": "bin/tsc",
        "tsserver": "bin/tsserver"
      },
      "engines": {
        "node": ">=14.17"
      }
    }
  }
}
